
Microsoft Visual Studio Solution File, Format Version 12.00
# Visual Studio Version 16
VisualStudioVersion = 16.0.31515.178
MinimumVisualStudioVersion = 10.0.40219.1
Project("{FAE04EC0-301F-11D3-BF4B-00C04F79EFBC}") = "ScrollingOnDemand", "ScrollingOnDemand\ScrollingOnDemand\ScrollingOnDemand.csproj", "{2F70D247-F1DF-4AFE-A2E9-E2EC96DB031E}"
EndProject
Project("{FAE04EC0-301F-11D3-BF4B-00C04F79EFBC}") = "ScrollingOnDemand.Android", "ScrollingOnDemand\ScrollingOnDemand.Android\ScrollingOnDemand.Android.csproj", "{AC784AD0-A20D-4448-88C4-8E93F6D0BDF9}"
EndProject
Project("{FAE04EC0-301F-11D3-BF4B-00C04F79EFBC}") = "ScrollingOnDemand.iOS", "ScrollingOnDemand\ScrollingOnDemand.iOS\ScrollingOnDemand.iOS.csproj", "{D914153C-9D3C-44C6-8A00-68DD1D3371F9}"
EndProject
Project("{FAE04EC0-301F-11D3-BF4B-00C04F79EFBC}") = "ScrollingOnDemand.UWP", "ScrollingOnDemand\ScrollingOnDemand.UWP\ScrollingOnDemand.UWP.csproj", "{F71BAC29-D8F4-4E33-8BCF-1F0FC29731D1}"
EndProject
Global
	GlobalSection(SolutionConfigurationPlatforms) = preSolution
		Ad-Hoc|Any CPU = Ad-Hoc|Any CPU
		Ad-Hoc|ARM = Ad-Hoc|ARM
		Ad-Hoc|iPhone = Ad-Hoc|iPhone
		Ad-Hoc|iPhoneSimulator = Ad-Hoc|iPhoneSimulator
		Ad-Hoc|x64 = Ad-Hoc|x64
		Ad-Hoc|x86 = Ad-Hoc|x86
		AppStore|Any CPU = AppStore|Any CPU
		AppStore|ARM = AppStore|ARM
		AppStore|iPhone = AppStore|iPhone
		AppStore|iPhoneSimulator = AppStore|iPhoneSimulator
		AppStore|x64 = AppStore|x64
		AppStore|x86 = AppStore|x86
		Debug|Any CPU = Debug|Any CPU
		Debug|ARM = Debug|ARM
		Debug|iPhone = Debug|iPhone
		Debug|iPhoneSimulator = Debug|iPhoneSimulator
		Debug|x64 = Debug|x64
		Debug|x86 = Debug|x86
		Release|Any CPU = Release|Any CPU
		Release|ARM = Release|ARM
		Release|iPhone = Release|iPhone
		Release|iPhoneSimulator = Release|iPhoneSimulator
		Release|x64 = Release|x64
		Release|x86 = Release|x86
	EndGlobalSection
	GlobalSection(ProjectConfigurationPlatforms) = postSolution
		{2F70D247-F1DF-4AFE-A2E9-E2EC96DB031E}.Ad-Hoc|Any CPU.ActiveCfg = Debug|Any CPU
		{2F70D247-F1DF-4AFE-A2E9-E2EC96DB031E}.Ad-Hoc|Any CPU.Build.0 = Debug|Any CPU
		{2F70D247-F1DF-4AFE-A2E9-E2EC96DB031E}.Ad-Hoc|ARM.ActiveCfg = Debug|Any CPU
		{2F70D247-F1DF-4AFE-A2E9-E2EC96DB031E}.Ad-Hoc|ARM.Build.0 = Debug|Any CPU
		{2F70D247-F1DF-4AFE-A2E9-E2EC96DB031E}.Ad-Hoc|iPhone.ActiveCfg = Debug|Any CPU
		{2F70D247-F1DF-4AFE-A2E9-E2EC96DB031E}.Ad-Hoc|iPhone.Build.0 = Debug|Any CPU
		{2F70D247-F1DF-4AFE-A2E9-E2EC96DB031E}.Ad-Hoc|iPhoneSimulator.ActiveCfg = Debug|Any CPU
		{2F70D247-F1DF-4AFE-A2E9-E2EC96DB031E}.Ad-Hoc|iPhoneSimulator.Build.0 = Debug|Any CPU
		{2F70D247-F1DF-4AFE-A2E9-E2EC96DB031E}.Ad-Hoc|x64.ActiveCfg = Debug|Any CPU
		{2F70D247-F1DF-4AFE-A2E9-E2EC96DB031E}.Ad-Hoc|x64.Build.0 = Debug|Any CPU
		{2F70D247-F1DF-4AFE-A2E9-E2EC96DB031E}.Ad-Hoc|x86.ActiveCfg = Debug|Any CPU
		{2F70D247-F1DF-4AFE-A2E9-E2EC96DB031E}.Ad-Hoc|x86.Build.0 = Debug|Any CPU
		{2F70D247-F1DF-4AFE-A2E9-E2EC96DB031E}.AppStore|Any CPU.ActiveCfg = Debug|Any CPU
		{2F70D247-F1DF-4AFE-A2E9-E2EC96DB031E}.AppStore|Any CPU.Build.0 = Debug|Any CPU
		{2F70D247-F1DF-4AFE-A2E9-E2EC96DB031E}.AppStore|ARM.ActiveCfg = Debug|Any CPU
		{2F70D247-F1DF-4AFE-A2E9-E2EC96DB031E}.AppStore|ARM.Build.0 = Debug|Any CPU
		{2F70D247-F1DF-4AFE-A2E9-E2EC96DB031E}.AppStore|iPhone.ActiveCfg = Debug|Any CPU
		{2F70D247-F1DF-4AFE-A2E9-E2EC96DB031E}.AppStore|iPhone.Build.0 = Debug|Any CPU
		{2F70D247-F1DF-4AFE-A2E9-E2EC96DB031E}.AppStore|iPhoneSimulator.ActiveCfg = Debug|Any CPU
		{2F70D247-F1DF-4AFE-A2E9-E2EC96DB031E}.AppStore|iPhoneSimulator.Build.0 = Debug|Any CPU
		{2F70D247-F1DF-4AFE-A2E9-E2EC96DB031E}.AppStore|x64.ActiveCfg = Debug|Any CPU
		{2F70D247-F1DF-4AFE-A2E9-E2EC96DB031E}.AppStore|x64.Build.0 = Debug|Any CPU
		{2F70D247-F1DF-4AFE-A2E9-E2EC96DB031E}.AppStore|x86.ActiveCfg = Debug|Any CPU
		{2F70D247-F1DF-4AFE-A2E9-E2EC96DB031E}.AppStore|x86.Build.0 = Debug|Any CPU
		{2F70D247-F1DF-4AFE-A2E9-E2EC96DB031E}.Debug|Any CPU.ActiveCfg = Debug|Any CPU
		{2F70D247-F1DF-4AFE-A2E9-E2EC96DB031E}.Debug|Any CPU.Build.0 = Debug|Any CPU
		{2F70D247-F1DF-4AFE-A2E9-E2EC96DB031E}.Debug|ARM.ActiveCfg = Debug|Any CPU
		{2F70D247-F1DF-4AFE-A2E9-E2EC96DB031E}.Debug|ARM.Build.0 = Debug|Any CPU
		{2F70D247-F1DF-4AFE-A2E9-E2EC96DB031E}.Debug|iPhone.ActiveCfg = Debug|Any CPU
		{2F70D247-F1DF-4AFE-A2E9-E2EC96DB031E}.Debug|iPhone.Build.0 = Debug|Any CPU
		{2F70D247-F1DF-4AFE-A2E9-E2EC96DB031E}.Debug|iPhoneSimulator.ActiveCfg = Debug|Any CPU
		{2F70D247-F1DF-4AFE-A2E9-E2EC96DB031E}.Debug|iPhoneSimulator.Build.0 = Debug|Any CPU
		{2F70D247-F1DF-4AFE-A2E9-E2EC96DB031E}.Debug|x64.ActiveCfg = Debug|Any CPU
		{2F70D247-F1DF-4AFE-A2E9-E2EC96DB031E}.Debug|x64.Build.0 = Debug|Any CPU
		{2F70D247-F1DF-4AFE-A2E9-E2EC96DB031E}.Debug|x86.ActiveCfg = Debug|Any CPU
		{2F70D247-F1DF-4AFE-A2E9-E2EC96DB031E}.Debug|x86.Build.0 = Debug|Any CPU
		{2F70D247-F1DF-4AFE-A2E9-E2EC96DB031E}.Release|Any CPU.ActiveCfg = Release|Any CPU
		{2F70D247-F1DF-4AFE-A2E9-E2EC96DB031E}.Release|Any CPU.Build.0 = Release|Any CPU
		{2F70D247-F1DF-4AFE-A2E9-E2EC96DB031E}.Release|ARM.ActiveCfg = Release|Any CPU
		{2F70D247-F1DF-4AFE-A2E9-E2EC96DB031E}.Release|ARM.Build.0 = Release|Any CPU
		{2F70D247-F1DF-4AFE-A2E9-E2EC96DB031E}.Release|iPhone.ActiveCfg = Release|Any CPU
		{2F70D247-F1DF-4AFE-A2E9-E2EC96DB031E}.Release|iPhone.Build.0 = Release|Any CPU
		{2F70D247-F1DF-4AFE-A2E9-E2EC96DB031E}.Release|iPhoneSimulator.ActiveCfg = Release|Any CPU
		{2F70D247-F1DF-4AFE-A2E9-E2EC96DB031E}.Release|iPhoneSimulator.Build.0 = Release|Any CPU
		{2F70D247-F1DF-4AFE-A2E9-E2EC96DB031E}.Release|x64.ActiveCfg = Release|Any CPU
		{2F70D247-F1DF-4AFE-A2E9-E2EC96DB031E}.Release|x64.Build.0 = Release|Any CPU
		{2F70D247-F1DF-4AFE-A2E9-E2EC96DB031E}.Release|x86.ActiveCfg = Release|Any CPU
		{2F70D247-F1DF-4AFE-A2E9-E2EC96DB031E}.Release|x86.Build.0 = Release|Any CPU
		{AC784AD0-A20D-4448-88C4-8E93F6D0BDF9}.Ad-Hoc|Any CPU.ActiveCfg = Debug|Any CPU
		{AC784AD0-A20D-4448-88C4-8E93F6D0BDF9}.Ad-Hoc|Any CPU.Build.0 = Debug|Any CPU
		{AC784AD0-A20D-4448-88C4-8E93F6D0BDF9}.Ad-Hoc|Any CPU.Deploy.0 = Debug|Any CPU
		{AC784AD0-A20D-4448-88C4-8E93F6D0BDF9}.Ad-Hoc|ARM.ActiveCfg = Debug|Any CPU
		{AC784AD0-A20D-4448-88C4-8E93F6D0BDF9}.Ad-Hoc|ARM.Build.0 = Debug|Any CPU
		{AC784AD0-A20D-4448-88C4-8E93F6D0BDF9}.Ad-Hoc|ARM.Deploy.0 = Debug|Any CPU
		{AC784AD0-A20D-4448-88C4-8E93F6D0BDF9}.Ad-Hoc|iPhone.ActiveCfg = Debug|Any CPU
		{AC784AD0-A20D-4448-88C4-8E93F6D0BDF9}.Ad-Hoc|iPhone.Build.0 = Debug|Any CPU
		{AC784AD0-A20D-4448-88C4-8E93F6D0BDF9}.Ad-Hoc|iPhone.Deploy.0 = Debug|Any CPU
		{AC784AD0-A20D-4448-88C4-8E93F6D0BDF9}.Ad-Hoc|iPhoneSimulator.ActiveCfg = Debug|Any CPU
		{AC784AD0-A20D-4448-88C4-8E93F6D0BDF9}.Ad-Hoc|iPhoneSimulator.Build.0 = Debug|Any CPU
		{AC784AD0-A20D-4448-88C4-8E93F6D0BDF9}.Ad-Hoc|iPhoneSimulator.Deploy.0 = Debug|Any CPU
		{AC784AD0-A20D-4448-88C4-8E93F6D0BDF9}.Ad-Hoc|x64.ActiveCfg = Debug|Any CPU
		{AC784AD0-A20D-4448-88C4-8E93F6D0BDF9}.Ad-Hoc|x64.Build.0 = Debug|Any CPU
		{AC784AD0-A20D-4448-88C4-8E93F6D0BDF9}.Ad-Hoc|x64.Deploy.0 = Debug|Any CPU
		{AC784AD0-A20D-4448-88C4-8E93F6D0BDF9}.Ad-Hoc|x86.ActiveCfg = Debug|Any CPU
		{AC784AD0-A20D-4448-88C4-8E93F6D0BDF9}.Ad-Hoc|x86.Build.0 = Debug|Any CPU
		{AC784AD0-A20D-4448-88C4-8E93F6D0BDF9}.Ad-Hoc|x86.Deploy.0 = Debug|Any CPU
		{AC784AD0-A20D-4448-88C4-8E93F6D0BDF9}.AppStore|Any CPU.ActiveCfg = Debug|Any CPU
		{AC784AD0-A20D-4448-88C4-8E93F6D0BDF9}.AppStore|Any CPU.Build.0 = Debug|Any CPU
		{AC784AD0-A20D-4448-88C4-8E93F6D0BDF9}.AppStore|Any CPU.Deploy.0 = Debug|Any CPU
		{AC784AD0-A20D-4448-88C4-8E93F6D0BDF9}.AppStore|ARM.ActiveCfg = Debug|Any CPU
		{AC784AD0-A20D-4448-88C4-8E93F6D0BDF9}.AppStore|ARM.Build.0 = Debug|Any CPU
		{AC784AD0-A20D-4448-88C4-8E93F6D0BDF9}.AppStore|ARM.Deploy.0 = Debug|Any CPU
		{AC784AD0-A20D-4448-88C4-8E93F6D0BDF9}.AppStore|iPhone.ActiveCfg = Debug|Any CPU
		{AC784AD0-A20D-4448-88C4-8E93F6D0BDF9}.AppStore|iPhone.Build.0 = Debug|Any CPU
		{AC784AD0-A20D-4448-88C4-8E93F6D0BDF9}.AppStore|iPhone.Deploy.0 = Debug|Any CPU
		{AC784AD0-A20D-4448-88C4-8E93F6D0BDF9}.AppStore|iPhoneSimulator.ActiveCfg = Debug|Any CPU
		{AC784AD0-A20D-4448-88C4-8E93F6D0BDF9}.AppStore|iPhoneSimulator.Build.0 = Debug|Any CPU
		{AC784AD0-A20D-4448-88C4-8E93F6D0BDF9}.AppStore|iPhoneSimulator.Deploy.0 = Debug|Any CPU
		{AC784AD0-A20D-4448-88C4-8E93F6D0BDF9}.AppStore|x64.ActiveCfg = Debug|Any CPU
		{AC784AD0-A20D-4448-88C4-8E93F6D0BDF9}.AppStore|x64.Build.0 = Debug|Any CPU
		{AC784AD0-A20D-4448-88C4-8E93F6D0BDF9}.AppStore|x64.Deploy.0 = Debug|Any CPU
		{AC784AD0-A20D-4448-88C4-8E93F6D0BDF9}.AppStore|x86.ActiveCfg = Debug|Any CPU
		{AC784AD0-A20D-4448-88C4-8E93F6D0BDF9}.AppStore|x86.Build.0 = Debug|Any CPU
		{AC784AD0-A20D-4448-88C4-8E93F6D0BDF9}.AppStore|x86.Deploy.0 = Debug|Any CPU
		{AC784AD0-A20D-4448-88C4-8E93F6D0BDF9}.Debug|Any CPU.ActiveCfg = Debug|Any CPU
		{AC784AD0-A20D-4448-88C4-8E93F6D0BDF9}.Debug|Any CPU.Build.0 = Debug|Any CPU
		{AC784AD0-A20D-4448-88C4-8E93F6D0BDF9}.Debug|Any CPU.Deploy.0 = Debug|Any CPU
		{AC784AD0-A20D-4448-88C4-8E93F6D0BDF9}.Debug|ARM.ActiveCfg = Debug|Any CPU
		{AC784AD0-A20D-4448-88C4-8E93F6D0BDF9}.Debug|ARM.Build.0 = Debug|Any CPU
		{AC784AD0-A20D-4448-88C4-8E93F6D0BDF9}.Debug|ARM.Deploy.0 = Debug|Any CPU
		{AC784AD0-A20D-4448-88C4-8E93F6D0BDF9}.Debug|iPhone.ActiveCfg = Debug|Any CPU
		{AC784AD0-A20D-4448-88C4-8E93F6D0BDF9}.Debug|iPhone.Build.0 = Debug|Any CPU
		{AC784AD0-A20D-4448-88C4-8E93F6D0BDF9}.Debug|iPhone.Deploy.0 = Debug|Any CPU
		{AC784AD0-A20D-4448-88C4-8E93F6D0BDF9}.Debug|iPhoneSimulator.ActiveCfg = Debug|Any CPU
		{AC784AD0-A20D-4448-88C4-8E93F6D0BDF9}.Debug|iPhoneSimulator.Build.0 = Debug|Any CPU
		{AC784AD0-A20D-4448-88C4-8E93F6D0BDF9}.Debug|iPhoneSimulator.Deploy.0 = Debug|Any CPU
		{AC784AD0-A20D-4448-88C4-8E93F6D0BDF9}.Debug|x64.ActiveCfg = Debug|Any CPU
		{AC784AD0-A20D-4448-88C4-8E93F6D0BDF9}.Debug|x64.Build.0 = Debug|Any CPU
		{AC784AD0-A20D-4448-88C4-8E93F6D0BDF9}.Debug|x64.Deploy.0 = Debug|Any CPU
		{AC784AD0-A20D-4448-88C4-8E93F6D0BDF9}.Debug|x86.ActiveCfg = Debug|Any CPU
		{AC784AD0-A20D-4448-88C4-8E93F6D0BDF9}.Debug|x86.Build.0 = Debug|Any CPU
		{AC784AD0-A20D-4448-88C4-8E93F6D0BDF9}.Debug|x86.Deploy.0 = Debug|Any CPU
		{AC784AD0-A20D-4448-88C4-8E93F6D0BDF9}.Release|Any CPU.ActiveCfg = Release|Any CPU
		{AC784AD0-A20D-4448-88C4-8E93F6D0BDF9}.Release|Any CPU.Build.0 = Release|Any CPU
		{AC784AD0-A20D-4448-88C4-8E93F6D0BDF9}.Release|Any CPU.Deploy.0 = Release|Any CPU
		{AC784AD0-A20D-4448-88C4-8E93F6D0BDF9}.Release|ARM.ActiveCfg = Release|Any CPU
		{AC784AD0-A20D-4448-88C4-8E93F6D0BDF9}.Release|ARM.Build.0 = Release|Any CPU
		{AC784AD0-A20D-4448-88C4-8E93F6D0BDF9}.Release|ARM.Deploy.0 = Release|Any CPU
		{AC784AD0-A20D-4448-88C4-8E93F6D0BDF9}.Release|iPhone.ActiveCfg = Release|Any CPU
		{AC784AD0-A20D-4448-88C4-8E93F6D0BDF9}.Release|iPhone.Build.0 = Release|Any CPU
		{AC784AD0-A20D-4448-88C4-8E93F6D0BDF9}.Release|iPhone.Deploy.0 = Release|Any CPU
		{AC784AD0-A20D-4448-88C4-8E93F6D0BDF9}.Release|iPhoneSimulator.ActiveCfg = Release|Any CPU
		{AC784AD0-A20D-4448-88C4-8E93F6D0BDF9}.Release|iPhoneSimulator.Build.0 = Release|Any CPU
		{AC784AD0-A20D-4448-88C4-8E93F6D0BDF9}.Release|iPhoneSimulator.Deploy.0 = Release|Any CPU
		{AC784AD0-A20D-4448-88C4-8E93F6D0BDF9}.Release|x64.ActiveCfg = Release|Any CPU
		{AC784AD0-A20D-4448-88C4-8E93F6D0BDF9}.Release|x64.Build.0 = Release|Any CPU
		{AC784AD0-A20D-4448-88C4-8E93F6D0BDF9}.Release|x64.Deploy.0 = Release|Any CPU
		{AC784AD0-A20D-4448-88C4-8E93F6D0BDF9}.Release|x86.ActiveCfg = Release|Any CPU
		{AC784AD0-A20D-4448-88C4-8E93F6D0BDF9}.Release|x86.Build.0 = Release|Any CPU
		{AC784AD0-A20D-4448-88C4-8E93F6D0BDF9}.Release|x86.Deploy.0 = Release|Any CPU
		{D914153C-9D3C-44C6-8A00-68DD1D3371F9}.Ad-Hoc|Any CPU.ActiveCfg = Ad-Hoc|iPhoneSimulator
		{D914153C-9D3C-44C6-8A00-68DD1D3371F9}.Ad-Hoc|ARM.ActiveCfg = Ad-Hoc|iPhoneSimulator
		{D914153C-9D3C-44C6-8A00-68DD1D3371F9}.Ad-Hoc|iPhone.ActiveCfg = Ad-Hoc|iPhone
		{D914153C-9D3C-44C6-8A00-68DD1D3371F9}.Ad-Hoc|iPhone.Build.0 = Ad-Hoc|iPhone
		{D914153C-9D3C-44C6-8A00-68DD1D3371F9}.Ad-Hoc|iPhoneSimulator.ActiveCfg = Ad-Hoc|iPhoneSimulator
		{D914153C-9D3C-44C6-8A00-68DD1D3371F9}.Ad-Hoc|iPhoneSimulator.Build.0 = Ad-Hoc|iPhoneSimulator
		{D914153C-9D3C-44C6-8A00-68DD1D3371F9}.Ad-Hoc|x64.ActiveCfg = Ad-Hoc|iPhoneSimulator
		{D914153C-9D3C-44C6-8A00-68DD1D3371F9}.Ad-Hoc|x86.ActiveCfg = Ad-Hoc|iPhoneSimulator
		{D914153C-9D3C-44C6-8A00-68DD1D3371F9}.AppStore|Any CPU.ActiveCfg = AppStore|iPhoneSimulator
		{D914153C-9D3C-44C6-8A00-68DD1D3371F9}.AppStore|ARM.ActiveCfg = AppStore|iPhoneSimulator
		{D914153C-9D3C-44C6-8A00-68DD1D3371F9}.AppStore|iPhone.ActiveCfg = AppStore|iPhone
		{D914153C-9D3C-44C6-8A00-68DD1D3371F9}.AppStore|iPhone.Build.0 = AppStore|iPhone
		{D914153C-9D3C-44C6-8A00-68DD1D3371F9}.AppStore|iPhoneSimulator.ActiveCfg = AppStore|iPhoneSimulator
		{D914153C-9D3C-44C6-8A00-68DD1D3371F9}.AppStore|iPhoneSimulator.Build.0 = AppStore|iPhoneSimulator
		{D914153C-9D3C-44C6-8A00-68DD1D3371F9}.AppStore|x64.ActiveCfg = AppStore|iPhoneSimulator
		{D914153C-9D3C-44C6-8A00-68DD1D3371F9}.AppStore|x86.ActiveCfg = AppStore|iPhoneSimulator
		{D914153C-9D3C-44C6-8A00-68DD1D3371F9}.Debug|Any CPU.ActiveCfg = Debug|iPhoneSimulator
		{D914153C-9D3C-44C6-8A00-68DD1D3371F9}.Debug|ARM.ActiveCfg = Debug|iPhoneSimulator
		{D914153C-9D3C-44C6-8A00-68DD1D3371F9}.Debug|iPhone.ActiveCfg = Debug|iPhone
		{D914153C-9D3C-44C6-8A00-68DD1D3371F9}.Debug|iPhone.Build.0 = Debug|iPhone
		{D914153C-9D3C-44C6-8A00-68DD1D3371F9}.Debug|iPhoneSimulator.ActiveCfg = Debug|iPhoneSimulator
		{D914153C-9D3C-44C6-8A00-68DD1D3371F9}.Debug|iPhoneSimulator.Build.0 = Debug|iPhoneSimulator
		{D914153C-9D3C-44C6-8A00-68DD1D3371F9}.Debug|x64.ActiveCfg = Debug|iPhoneSimulator
		{D914153C-9D3C-44C6-8A00-68DD1D3371F9}.Debug|x86.ActiveCfg = Debug|iPhoneSimulator
		{D914153C-9D3C-44C6-8A00-68DD1D3371F9}.Release|Any CPU.ActiveCfg = Release|iPhoneSimulator
		{D914153C-9D3C-44C6-8A00-68DD1D3371F9}.Release|ARM.ActiveCfg = Release|iPhoneSimulator
		{D914153C-9D3C-44C6-8A00-68DD1D3371F9}.Release|iPhone.ActiveCfg = Release|iPhone
		{D914153C-9D3C-44C6-8A00-68DD1D3371F9}.Release|iPhone.Build.0 = Release|iPhone
		{D914153C-9D3C-44C6-8A00-68DD1D3371F9}.Release|iPhoneSimulator.ActiveCfg = Release|iPhoneSimulator
		{D914153C-9D3C-44C6-8A00-68DD1D3371F9}.Release|iPhoneSimulator.Build.0 = Release|iPhoneSimulator
		{D914153C-9D3C-44C6-8A00-68DD1D3371F9}.Release|x64.ActiveCfg = Release|iPhoneSimulator
		{D914153C-9D3C-44C6-8A00-68DD1D3371F9}.Release|x86.ActiveCfg = Release|iPhoneSimulator
		{F71BAC29-D8F4-4E33-8BCF-1F0FC29731D1}.Ad-Hoc|Any CPU.ActiveCfg = Debug|ARM
		{F71BAC29-D8F4-4E33-8BCF-1F0FC29731D1}.Ad-Hoc|Any CPU.Build.0 = Debug|ARM
		{F71BAC29-D8F4-4E33-8BCF-1F0FC29731D1}.Ad-Hoc|Any CPU.Deploy.0 = Debug|ARM
		{F71BAC29-D8F4-4E33-8BCF-1F0FC29731D1}.Ad-Hoc|ARM.ActiveCfg = Debug|ARM
		{F71BAC29-D8F4-4E33-8BCF-1F0FC29731D1}.Ad-Hoc|ARM.Build.0 = Debug|ARM
		{F71BAC29-D8F4-4E33-8BCF-1F0FC29731D1}.Ad-Hoc|ARM.Deploy.0 = Debug|ARM
		{F71BAC29-D8F4-4E33-8BCF-1F0FC29731D1}.Ad-Hoc|iPhone.ActiveCfg = Debug|ARM
		{F71BAC29-D8F4-4E33-8BCF-1F0FC29731D1}.Ad-Hoc|iPhone.Build.0 = Debug|ARM
		{F71BAC29-D8F4-4E33-8BCF-1F0FC29731D1}.Ad-Hoc|iPhone.Deploy.0 = Debug|ARM
		{F71BAC29-D8F4-4E33-8BCF-1F0FC29731D1}.Ad-Hoc|iPhoneSimulator.ActiveCfg = Debug|ARM
		{F71BAC29-D8F4-4E33-8BCF-1F0FC29731D1}.Ad-Hoc|iPhoneSimulator.Build.0 = Debug|ARM
		{F71BAC29-D8F4-4E33-8BCF-1F0FC29731D1}.Ad-Hoc|iPhoneSimulator.Deploy.0 = Debug|ARM
		{F71BAC29-D8F4-4E33-8BCF-1F0FC29731D1}.Ad-Hoc|x64.ActiveCfg = Debug|x64
		{F71BAC29-D8F4-4E33-8BCF-1F0FC29731D1}.Ad-Hoc|x64.Build.0 = Debug|x64
		{F71BAC29-D8F4-4E33-8BCF-1F0FC29731D1}.Ad-Hoc|x64.Deploy.0 = Debug|x64
		{F71BAC29-D8F4-4E33-8BCF-1F0FC29731D1}.Ad-Hoc|x86.ActiveCfg = Debug|x86
		{F71BAC29-D8F4-4E33-8BCF-1F0FC29731D1}.Ad-Hoc|x86.Build.0 = Debug|x86
		{F71BAC29-D8F4-4E33-8BCF-1F0FC29731D1}.Ad-Hoc|x86.Deploy.0 = Debug|x86
		{F71BAC29-D8F4-4E33-8BCF-1F0FC29731D1}.AppStore|Any CPU.ActiveCfg = Debug|ARM
		{F71BAC29-D8F4-4E33-8BCF-1F0FC29731D1}.AppStore|Any CPU.Build.0 = Debug|ARM
		{F71BAC29-D8F4-4E33-8BCF-1F0FC29731D1}.AppStore|Any CPU.Deploy.0 = Debug|ARM
		{F71BAC29-D8F4-4E33-8BCF-1F0FC29731D1}.AppStore|ARM.ActiveCfg = Debug|ARM
		{F71BAC29-D8F4-4E33-8BCF-1F0FC29731D1}.AppStore|ARM.Build.0 = Debug|ARM
		{F71BAC29-D8F4-4E33-8BCF-1F0FC29731D1}.AppStore|ARM.Deploy.0 = Debug|ARM
		{F71BAC29-D8F4-4E33-8BCF-1F0FC29731D1}.AppStore|iPhone.ActiveCfg = Debug|ARM
		{F71BAC29-D8F4-4E33-8BCF-1F0FC29731D1}.AppStore|iPhone.Build.0 = Debug|ARM
		{F71BAC29-D8F4-4E33-8BCF-1F0FC29731D1}.AppStore|iPhone.Deploy.0 = Debug|ARM
		{F71BAC29-D8F4-4E33-8BCF-1F0FC29731D1}.AppStore|iPhoneSimulator.ActiveCfg = Debug|ARM
		{F71BAC29-D8F4-4E33-8BCF-1F0FC29731D1}.AppStore|iPhoneSimulator.Build.0 = Debug|ARM
		{F71BAC29-D8F4-4E33-8BCF-1F0FC29731D1}.AppStore|iPhoneSimulator.Deploy.0 = Debug|ARM
		{F71BAC29-D8F4-4E33-8BCF-1F0FC29731D1}.AppStore|x64.ActiveCfg = Debug|x64
		{F71BAC29-D8F4-4E33-8BCF-1F0FC29731D1}.AppStore|x64.Build.0 = Debug|x64
		{F71BAC29-D8F4-4E33-8BCF-1F0FC29731D1}.AppStore|x64.Deploy.0 = Debug|x64
		{F71BAC29-D8F4-4E33-8BCF-1F0FC29731D1}.AppStore|x86.ActiveCfg = Debug|x86
		{F71BAC29-D8F4-4E33-8BCF-1F0FC29731D1}.AppStore|x86.Build.0 = Debug|x86
		{F71BAC29-D8F4-4E33-8BCF-1F0FC29731D1}.AppStore|x86.Deploy.0 = Debug|x86
		{F71BAC29-D8F4-4E33-8BCF-1F0FC29731D1}.Debug|Any CPU.ActiveCfg = Debug|x64
		{F71BAC29-D8F4-4E33-8BCF-1F0FC29731D1}.Debug|Any CPU.Build.0 = Debug|x64
		{F71BAC29-D8F4-4E33-8BCF-1F0FC29731D1}.Debug|Any CPU.Deploy.0 = Debug|x64
		{F71BAC29-D8F4-4E33-8BCF-1F0FC29731D1}.Debug|ARM.ActiveCfg = Debug|ARM
		{F71BAC29-D8F4-4E33-8BCF-1F0FC29731D1}.Debug|ARM.Build.0 = Debug|ARM
		{F71BAC29-D8F4-4E33-8BCF-1F0FC29731D1}.Debug|ARM.Deploy.0 = Debug|ARM
		{F71BAC29-D8F4-4E33-8BCF-1F0FC29731D1}.Debug|iPhone.ActiveCfg = Debug|x86
		{F71BAC29-D8F4-4E33-8BCF-1F0FC29731D1}.Debug|iPhoneSimulator.ActiveCfg = Debug|x86
		{F71BAC29-D8F4-4E33-8BCF-1F0FC29731D1}.Debug|x64.ActiveCfg = Debug|x64
		{F71BAC29-D8F4-4E33-8BCF-1F0FC29731D1}.Debug|x64.Build.0 = Debug|x64
		{F71BAC29-D8F4-4E33-8BCF-1F0FC29731D1}.Debug|x64.Deploy.0 = Debug|x64
		{F71BAC29-D8F4-4E33-8BCF-1F0FC29731D1}.Debug|x86.ActiveCfg = Debug|x86
		{F71BAC29-D8F4-4E33-8BCF-1F0FC29731D1}.Debug|x86.Build.0 = Debug|x86
		{F71BAC29-D8F4-4E33-8BCF-1F0FC29731D1}.Debug|x86.Deploy.0 = Debug|x86
		{F71BAC29-D8F4-4E33-8BCF-1F0FC29731D1}.Release|Any CPU.ActiveCfg = Release|x86
		{F71BAC29-D8F4-4E33-8BCF-1F0FC29731D1}.Release|ARM.ActiveCfg = Release|ARM
		{F71BAC29-D8F4-4E33-8BCF-1F0FC29731D1}.Release|ARM.Build.0 = Release|ARM
		{F71BAC29-D8F4-4E33-8BCF-1F0FC29731D1}.Release|ARM.Deploy.0 = Release|ARM
		{F71BAC29-D8F4-4E33-8BCF-1F0FC29731D1}.Release|iPhone.ActiveCfg = Release|x86
		{F71BAC29-D8F4-4E33-8BCF-1F0FC29731D1}.Release|iPhoneSimulator.ActiveCfg = Release|x86
		{F71BAC29-D8F4-4E33-8BCF-1F0FC29731D1}.Release|x64.ActiveCfg = Release|x64
		{F71BAC29-D8F4-4E33-8BCF-1F0FC29731D1}.Release|x64.Build.0 = Release|x64
		{F71BAC29-D8F4-4E33-8BCF-1F0FC29731D1}.Release|x64.Deploy.0 = Release|x64
		{F71BAC29-D8F4-4E33-8BCF-1F0FC29731D1}.Release|x86.ActiveCfg = Release|x86
		{F71BAC29-D8F4-4E33-8BCF-1F0FC29731D1}.Release|x86.Build.0 = Release|x86
		{F71BAC29-D8F4-4E33-8BCF-1F0FC29731D1}.Release|x86.Deploy.0 = Release|x86
	EndGlobalSection
	GlobalSection(SolutionProperties) = preSolution
		HideSolutionNode = FALSE
	EndGlobalSection
	GlobalSection(ExtensibilityGlobals) = postSolution
		SolutionGuid = {D403A635-B1AB-42F3-934E-037EFF5109E4}
	EndGlobalSection
EndGlobal
